// !$*UTF8*$!
{
	archiveVersion = 1;
	classes = {
	};
	objectVersion = 50;
	objects = {

/* Begin PBXBuildFile section */
		713C536D21B96AFB00EA6304 /* AppDelegate.swift in Sources */ = {isa = PBXBuildFile; fileRef = 713C536C21B96AFB00EA6304 /* AppDelegate.swift */; };
		713C536F21B96AFB00EA6304 /* MenuController.swift in Sources */ = {isa = PBXBuildFile; fileRef = 713C536E21B96AFB00EA6304 /* MenuController.swift */; };
		713C537221B96AFB00EA6304 /* Main.storyboard in Resources */ = {isa = PBXBuildFile; fileRef = 713C537021B96AFB00EA6304 /* Main.storyboard */; };
		713C537421B96AFD00EA6304 /* Assets.xcassets in Resources */ = {isa = PBXBuildFile; fileRef = 713C537321B96AFD00EA6304 /* Assets.xcassets */; };
		713C537721B96AFD00EA6304 /* LaunchScreen.storyboard in Resources */ = {isa = PBXBuildFile; fileRef = 713C537521B96AFD00EA6304 /* LaunchScreen.storyboard */; };
		713C538221B96AFD00EA6304 /* HiddenSantaTests.swift in Sources */ = {isa = PBXBuildFile; fileRef = 713C538121B96AFD00EA6304 /* HiddenSantaTests.swift */; };
		713C538D21B96AFD00EA6304 /* HiddenSantaUITests.swift in Sources */ = {isa = PBXBuildFile; fileRef = 713C538C21B96AFD00EA6304 /* HiddenSantaUITests.swift */; };
		713C539B21B9705E00EA6304 /* AddSantaController.swift in Sources */ = {isa = PBXBuildFile; fileRef = 713C539A21B9705E00EA6304 /* AddSantaController.swift */; };
		713C539E21B979B700EA6304 /* TableViewCell.swift in Sources */ = {isa = PBXBuildFile; fileRef = 713C539C21B979B700EA6304 /* TableViewCell.swift */; };
		713C539F21B979B700EA6304 /* TableViewCell.xib in Resources */ = {isa = PBXBuildFile; fileRef = 713C539D21B979B700EA6304 /* TableViewCell.xib */; };
		713C53A121B97B0E00EA6304 /* CellModel.swift in Sources */ = {isa = PBXBuildFile; fileRef = 713C53A021B97B0E00EA6304 /* CellModel.swift */; };
		713C53A321B97C4300EA6304 /* PresentController.swift in Sources */ = {isa = PBXBuildFile; fileRef = 713C53A221B97C4300EA6304 /* PresentController.swift */; };
		713C53A521BAD5C500EA6304 /* GrandsonController.swift in Sources */ = {isa = PBXBuildFile; fileRef = 713C53A421BAD5C500EA6304 /* GrandsonController.swift */; };
/* End PBXBuildFile section */

/* Begin PBXContainerItemProxy section */
		713C537E21B96AFD00EA6304 /* PBXContainerItemProxy */ = {
			isa = PBXContainerItemProxy;
			containerPortal = 713C536121B96AFA00EA6304 /* Project object */;
			proxyType = 1;
			remoteGlobalIDString = 713C536821B96AFB00EA6304;
			remoteInfo = HiddenSanta;
		};
		713C538921B96AFD00EA6304 /* PBXContainerItemProxy */ = {
			isa = PBXContainerItemProxy;
			containerPortal = 713C536121B96AFA00EA6304 /* Project object */;
			proxyType = 1;
			remoteGlobalIDString = 713C536821B96AFB00EA6304;
			remoteInfo = HiddenSanta;
		};
/* End PBXContainerItemProxy section */

/* Begin PBXFileReference section */
		713C536921B96AFB00EA6304 /* HiddenSanta.app */ = {isa = PBXFileReference; explicitFileType = wrapper.application; includeInIndex = 0; path = HiddenSanta.app; sourceTree = BUILT_PRODUCTS_DIR; };
		713C536C21B96AFB00EA6304 /* AppDelegate.swift */ = {isa = PBXFileReference; lastKnownFileType = sourcecode.swift; path = AppDelegate.swift; sourceTree = "<group>"; };
		713C536E21B96AFB00EA6304 /* MenuController.swift */ = {isa = PBXFileReference; lastKnownFileType = sourcecode.swift; path = MenuController.swift; sourceTree = "<group>"; };
		713C537121B96AFB00EA6304 /* Base */ = {isa = PBXFileReference; lastKnownFileType = file.storyboard; name = Base; path = Base.lproj/Main.storyboard; sourceTree = "<group>"; };
		713C537321B96AFD00EA6304 /* Assets.xcassets */ = {isa = PBXFileReference; lastKnownFileType = folder.assetcatalog; path = Assets.xcassets; sourceTree = "<group>"; };
		713C537621B96AFD00EA6304 /* Base */ = {isa = PBXFileReference; lastKnownFileType = file.storyboard; name = Base; path = Base.lproj/LaunchScreen.storyboard; sourceTree = "<group>"; };
		713C537821B96AFD00EA6304 /* Info.plist */ = {isa = PBXFileReference; lastKnownFileType = text.plist.xml; path = Info.plist; sourceTree = "<group>"; };
		713C537D21B96AFD00EA6304 /* HiddenSantaTests.xctest */ = {isa = PBXFileReference; explicitFileType = wrapper.cfbundle; includeInIndex = 0; path = HiddenSantaTests.xctest; sourceTree = BUILT_PRODUCTS_DIR; };
		713C538121B96AFD00EA6304 /* HiddenSantaTests.swift */ = {isa = PBXFileReference; lastKnownFileType = sourcecode.swift; path = HiddenSantaTests.swift; sourceTree = "<group>"; };
		713C538321B96AFD00EA6304 /* Info.plist */ = {isa = PBXFileReference; lastKnownFileType = text.plist.xml; path = Info.plist; sourceTree = "<group>"; };
		713C538821B96AFD00EA6304 /* HiddenSantaUITests.xctest */ = {isa = PBXFileReference; explicitFileType = wrapper.cfbundle; includeInIndex = 0; path = HiddenSantaUITests.xctest; sourceTree = BUILT_PRODUCTS_DIR; };
		713C538C21B96AFD00EA6304 /* HiddenSantaUITests.swift */ = {isa = PBXFileReference; lastKnownFileType = sourcecode.swift; path = HiddenSantaUITests.swift; sourceTree = "<group>"; };
		713C538E21B96AFE00EA6304 /* Info.plist */ = {isa = PBXFileReference; lastKnownFileType = text.plist.xml; path = Info.plist; sourceTree = "<group>"; };
		713C539A21B9705E00EA6304 /* AddSantaController.swift */ = {isa = PBXFileReference; lastKnownFileType = sourcecode.swift; path = AddSantaController.swift; sourceTree = "<group>"; };
		713C539C21B979B700EA6304 /* TableViewCell.swift */ = {isa = PBXFileReference; lastKnownFileType = sourcecode.swift; path = TableViewCell.swift; sourceTree = "<group>"; };
		713C539D21B979B700EA6304 /* TableViewCell.xib */ = {isa = PBXFileReference; lastKnownFileType = file.xib; path = TableViewCell.xib; sourceTree = "<group>"; };
		713C53A021B97B0E00EA6304 /* CellModel.swift */ = {isa = PBXFileReference; lastKnownFileType = sourcecode.swift; path = CellModel.swift; sourceTree = "<group>"; };
		713C53A221B97C4300EA6304 /* PresentController.swift */ = {isa = PBXFileReference; lastKnownFileType = sourcecode.swift; path = PresentController.swift; sourceTree = "<group>"; };
		713C53A421BAD5C500EA6304 /* GrandsonController.swift */ = {isa = PBXFileReference; lastKnownFileType = sourcecode.swift; path = GrandsonController.swift; sourceTree = "<group>"; };
/* End PBXFileReference section */

/* Begin PBXFrameworksBuildPhase section */
		713C536621B96AFB00EA6304 /* Frameworks */ = {
			isa = PBXFrameworksBuildPhase;
			buildActionMask = 2147483647;
			files = (
			);
			runOnlyForDeploymentPostprocessing = 0;
		};
		713C537A21B96AFD00EA6304 /* Frameworks */ = {
			isa = PBXFrameworksBuildPhase;
			buildActionMask = 2147483647;
			files = (
			);
			runOnlyForDeploymentPostprocessing = 0;
		};
		713C538521B96AFD00EA6304 /* Frameworks */ = {
			isa = PBXFrameworksBuildPhase;
			buildActionMask = 2147483647;
			files = (
			);
			runOnlyForDeploymentPostprocessing = 0;
		};
/* End PBXFrameworksBuildPhase section */

/* Begin PBXGroup section */
		713C536021B96AFA00EA6304 = {
			isa = PBXGroup;
			children = (
				713C536B21B96AFB00EA6304 /* HiddenSanta */,
				713C538021B96AFD00EA6304 /* HiddenSantaTests */,
				713C538B21B96AFD00EA6304 /* HiddenSantaUITests */,
				713C536A21B96AFB00EA6304 /* Products */,
			);
			sourceTree = "<group>";
		};
		713C536A21B96AFB00EA6304 /* Products */ = {
			isa = PBXGroup;
			children = (
				713C536921B96AFB00EA6304 /* HiddenSanta.app */,
				713C537D21B96AFD00EA6304 /* HiddenSantaTests.xctest */,
				713C538821B96AFD00EA6304 /* HiddenSantaUITests.xctest */,
			);
			name = Products;
			sourceTree = "<group>";
		};
		713C536B21B96AFB00EA6304 /* HiddenSanta */ = {
			isa = PBXGroup;
			children = (
				713C536C21B96AFB00EA6304 /* AppDelegate.swift */,
				713C536E21B96AFB00EA6304 /* MenuController.swift */,
				713C539A21B9705E00EA6304 /* AddSantaController.swift */,
				713C53A221B97C4300EA6304 /* PresentController.swift */,
				713C537021B96AFB00EA6304 /* Main.storyboard */,
				713C53A421BAD5C500EA6304 /* GrandsonController.swift */,
				713C539C21B979B700EA6304 /* TableViewCell.swift */,
				713C53A021B97B0E00EA6304 /* CellModel.swift */,
				713C539D21B979B700EA6304 /* TableViewCell.xib */,
				713C537321B96AFD00EA6304 /* Assets.xcassets */,
				713C537521B96AFD00EA6304 /* LaunchScreen.storyboard */,
				713C537821B96AFD00EA6304 /* Info.plist */,
			);
			path = HiddenSanta;
			sourceTree = "<group>";
		};
		713C538021B96AFD00EA6304 /* HiddenSantaTests */ = {
			isa = PBXGroup;
			children = (
				713C538121B96AFD00EA6304 /* HiddenSantaTests.swift */,
				713C538321B96AFD00EA6304 /* Info.plist */,
			);
			path = HiddenSantaTests;
			sourceTree = "<group>";
		};
		713C538B21B96AFD00EA6304 /* HiddenSantaUITests */ = {
			isa = PBXGroup;
			children = (
				713C538C21B96AFD00EA6304 /* HiddenSantaUITests.swift */,
				713C538E21B96AFE00EA6304 /* Info.plist */,
			);
			path = HiddenSantaUITests;
			sourceTree = "<group>";
		};
/* End PBXGroup section */

/* Begin PBXNativeTarget section */
		713C536821B96AFB00EA6304 /* HiddenSanta */ = {
			isa = PBXNativeTarget;
			buildConfigurationList = 713C539121B96AFE00EA6304 /* Build configuration list for PBXNativeTarget "HiddenSanta" */;
			buildPhases = (
				713C536521B96AFB00EA6304 /* Sources */,
				713C536621B96AFB00EA6304 /* Frameworks */,
				713C536721B96AFB00EA6304 /* Resources */,
			);
			buildRules = (
			);
			dependencies = (
			);
			name = HiddenSanta;
			productName = HiddenSanta;
			productReference = 713C536921B96AFB00EA6304 /* HiddenSanta.app */;
			productType = "com.apple.product-type.application";
		};
		713C537C21B96AFD00EA6304 /* HiddenSantaTests */ = {
			isa = PBXNativeTarget;
			buildConfigurationList = 713C539421B96AFE00EA6304 /* Build configuration list for PBXNativeTarget "HiddenSantaTests" */;
			buildPhases = (
				713C537921B96AFD00EA6304 /* Sources */,
				713C537A21B96AFD00EA6304 /* Frameworks */,
				713C537B21B96AFD00EA6304 /* Resources */,
			);
			buildRules = (
			);
			dependencies = (
				713C537F21B96AFD00EA6304 /* PBXTargetDependency */,
			);
			name = HiddenSantaTests;
			productName = HiddenSantaTests;
			productReference = 713C537D21B96AFD00EA6304 /* HiddenSantaTests.xctest */;
			productType = "com.apple.product-type.bundle.unit-test";
		};
		713C538721B96AFD00EA6304 /* HiddenSantaUITests */ = {
			isa = PBXNativeTarget;
			buildConfigurationList = 713C539721B96AFE00EA6304 /* Build configuration list for PBXNativeTarget "HiddenSantaUITests" */;
			buildPhases = (
				713C538421B96AFD00EA6304 /* Sources */,
				713C538521B96AFD00EA6304 /* Frameworks */,
				713C538621B96AFD00EA6304 /* Resources */,
			);
			buildRules = (
			);
			dependencies = (
				713C538A21B96AFD00EA6304 /* PBXTargetDependency */,
			);
			name = HiddenSantaUITests;
			productName = HiddenSantaUITests;
			productReference = 713C538821B96AFD00EA6304 /* HiddenSantaUITests.xctest */;
			productType = "com.apple.product-type.bundle.ui-testing";
		};
/* End PBXNativeTarget section */

/* Begin PBXProject section */
		713C536121B96AFA00EA6304 /* Project object */ = {
			isa = PBXProject;
			attributes = {
				LastSwiftUpdateCheck = 1010;
				LastUpgradeCheck = 1010;
				ORGANIZATIONNAME = "Влад";
				TargetAttributes = {
					713C536821B96AFB00EA6304 = {
						CreatedOnToolsVersion = 10.1;
					};
					713C537C21B96AFD00EA6304 = {
						CreatedOnToolsVersion = 10.1;
						TestTargetID = 713C536821B96AFB00EA6304;
					};
					713C538721B96AFD00EA6304 = {
						CreatedOnToolsVersion = 10.1;
						TestTargetID = 713C536821B96AFB00EA6304;
					};
				};
			};
			buildConfigurationList = 713C536421B96AFA00EA6304 /* Build configuration list for PBXProject "HiddenSanta" */;
			compatibilityVersion = "Xcode 9.3";
			developmentRegion = en;
			hasScannedForEncodings = 0;
			knownRegions = (
				en,
				Base,
			);
			mainGroup = 713C536021B96AFA00EA6304;
			productRefGroup = 713C536A21B96AFB00EA6304 /* Products */;
			projectDirPath = "";
			projectRoot = "";
			targets = (
				713C536821B96AFB00EA6304 /* HiddenSanta */,
				713C537C21B96AFD00EA6304 /* HiddenSantaTests */,
				713C538721B96AFD00EA6304 /* HiddenSantaUITests */,
			);
		};
/* End PBXProject section */

/* Begin PBXResourcesBuildPhase section */
		713C536721B96AFB00EA6304 /* Resources */ = {
			isa = PBXResourcesBuildPhase;
			buildActionMask = 2147483647;
			files = (
				713C537721B96AFD00EA6304 /* LaunchScreen.storyboard in Resources */,
				713C539F21B979B700EA6304 /* TableViewCell.xib in Resources */,
				713C537421B96AFD00EA6304 /* Assets.xcassets in Resources */,
				713C537221B96AFB00EA6304 /* Main.storyboard in Resources */,
			);
			runOnlyForDeploymentPostprocessing = 0;
		};
		713C537B21B96AFD00EA6304 /* Resources */ = {
			isa = PBXResourcesBuildPhase;
			buildActionMask = 2147483647;
			files = (
			);
			runOnlyForDeploymentPostprocessing = 0;
		};
		713C538621B96AFD00EA6304 /* Resources */ = {
			isa = PBXResourcesBuildPhase;
			buildActionMask = 2147483647;
			files = (
			);
			runOnlyForDeploymentPostprocessing = 0;
		};
/* End PBXResourcesBuildPhase section */

/* Begin PBXSourcesBuildPhase section */
		713C536521B96AFB00EA6304 /* Sources */ = {
			isa = PBXSourcesBuildPhase;
			buildActionMask = 2147483647;
			files = (
				713C539B21B9705E00EA6304 /* AddSantaController.swift in Sources */,
				713C53A321B97C4300EA6304 /* PresentController.swift in Sources */,
				713C53A521BAD5C500EA6304 /* GrandsonController.swift in Sources */,
				713C539E21B979B700EA6304 /* TableViewCell.swift in Sources */,
				713C536F21B96AFB00EA6304 /* MenuController.swift in Sources */,
				713C53A121B97B0E00EA6304 /* CellModel.swift in Sources */,
				713C536D21B96AFB00EA6304 /* AppDelegate.swift in Sources */,
			);
			runOnlyForDeploymentPostprocessing = 0;
		};
		713C537921B96AFD00EA6304 /* Sources */ = {
			isa = PBXSourcesBuildPhase;
			buildActionMask = 2147483647;
			files = (
				713C538221B96AFD00EA6304 /* HiddenSantaTests.swift in Sources */,
			);
			runOnlyForDeploymentPostprocessing = 0;
		};
		713C538421B96AFD00EA6304 /* Sources */ = {
			isa = PBXSourcesBuildPhase;
			buildActionMask = 2147483647;
			files = (
				713C538D21B96AFD00EA6304 /* HiddenSantaUITests.swift in Sources */,
			);
			runOnlyForDeploymentPostprocessing = 0;
		};
/* End PBXSourcesBuildPhase section */

/* Begin PBXTargetDependency section */
		713C537F21B96AFD00EA6304 /* PBXTargetDependency */ = {
			isa = PBXTargetDependency;
			target = 713C536821B96AFB00EA6304 /* HiddenSanta */;
			targetProxy = 713C537E21B96AFD00EA6304 /* PBXContainerItemProxy */;
		};
		713C538A21B96AFD00EA6304 /* PBXTargetDependency */ = {
			isa = PBXTargetDependency;
			target = 713C536821B96AFB00EA6304 /* HiddenSanta */;
			targetProxy = 713C538921B96AFD00EA6304 /* PBXContainerItemProxy */;
		};
/* End PBXTargetDependency section */

/* Begin PBXVariantGroup section */
		713C537021B96AFB00EA6304 /* Main.storyboard */ = {
			isa = PBXVariantGroup;
			children = (
				713C537121B96AFB00EA6304 /* Base */,
			);
			name = Main.storyboard;
			sourceTree = "<group>";
		};
		713C537521B96AFD00EA6304 /* LaunchScreen.storyboard */ = {
			isa = PBXVariantGroup;
			children = (
				713C537621B96AFD00EA6304 /* Base */,
			);
			name = LaunchScreen.storyboard;
			sourceTree = "<group>";
		};
/* End PBXVariantGroup section */

/* Begin XCBuildConfiguration section */
		713C538F21B96AFE00EA6304 /* Debug */ = {
			isa = XCBuildConfiguration;
			buildSettings = {
				ALWAYS_SEARCH_USER_PATHS = NO;
				CLANG_ANALYZER_NONNULL = YES;
				CLANG_ANALYZER_NUMBER_OBJECT_CONVERSION = YES_AGGRESSIVE;
				CLANG_CXX_LANGUAGE_STANDARD = "gnu++14";
				CLANG_CXX_LIBRARY = "libc++";
				CLANG_ENABLE_MODULES = YES;
				CLANG_ENABLE_OBJC_ARC = YES;
				CLANG_ENABLE_OBJC_WEAK = YES;
				CLANG_WARN_BLOCK_CAPTURE_AUTORELEASING = YES;
				CLANG_WARN_BOOL_CONVERSION = YES;
				CLANG_WARN_COMMA = YES;
				CLANG_WARN_CONSTANT_CONVERSION = YES;
				CLANG_WARN_DEPRECATED_OBJC_IMPLEMENTATIONS = YES;
				CLANG_WARN_DIRECT_OBJC_ISA_USAGE = YES_ERROR;
				CLANG_WARN_DOCUMENTATION_COMMENTS = YES;
				CLANG_WARN_EMPTY_BODY = YES;
				CLANG_WARN_ENUM_CONVERSION = YES;
				CLANG_WARN_INFINITE_RECURSION = YES;
				CLANG_WARN_INT_CONVERSION = YES;
				CLANG_WARN_NON_LITERAL_NULL_CONVERSION = YES;
				CLANG_WARN_OBJC_IMPLICIT_RETAIN_SELF = YES;
				CLANG_WARN_OBJC_LITERAL_CONVERSION = YES;
				CLANG_WARN_OBJC_ROOT_CLASS = YES_ERROR;
				CLANG_WARN_RANGE_LOOP_ANALYSIS = YES;
				CLANG_WARN_STRICT_PROTOTYPES = YES;
				CLANG_WARN_SUSPICIOUS_MOVE = YES;
				CLANG_WARN_UNGUARDED_AVAILABILITY = YES_AGGRESSIVE;
				CLANG_WARN_UNREACHABLE_CODE = YES;
				CLANG_WARN__DUPLICATE_METHOD_MATCH = YES;
				CODE_SIGN_IDENTITY = "iPhone Developer";
				COPY_PHASE_STRIP = NO;
				DEBUG_INFORMATION_FORMAT = dwarf;
				ENABLE_STRICT_OBJC_MSGSEND = YES;
				ENABLE_TESTABILITY = YES;
				GCC_C_LANGUAGE_STANDARD = gnu11;
				GCC_DYNAMIC_NO_PIC = NO;
				GCC_NO_COMMON_BLOCKS = YES;
				GCC_OPTIMIZATION_LEVEL = 0;
				GCC_PREPROCESSOR_DEFINITIONS = (
					"DEBUG=1",
					"$(inherited)",
				);
				GCC_WARN_64_TO_32_BIT_CONVERSION = YES;
				GCC_WARN_ABOUT_RETURN_TYPE = YES_ERROR;
				GCC_WARN_UNDECLARED_SELECTOR = YES;
				GCC_WARN_UNINITIALIZED_AUTOS = YES_AGGRESSIVE;
				GCC_WARN_UNUSED_FUNCTION = YES;
				GCC_WARN_UNUSED_VARIABLE = YES;
				IPHONEOS_DEPLOYMENT_TARGET = 12.1;
				MTL_ENABLE_DEBUG_INFO = INCLUDE_SOURCE;
				MTL_FAST_MATH = YES;
				ONLY_ACTIVE_ARCH = YES;
				SDKROOT = iphoneos;
				SWIFT_ACTIVE_COMPILATION_CONDITIONS = DEBUG;
				SWIFT_OPTIMIZATION_LEVEL = "-Onone";
			};
			name = Debug;
		};
		713C539021B96AFE00EA6304 /* Release */ = {
			isa = XCBuildConfiguration;
			buildSettings = {
				ALWAYS_SEARCH_USER_PATHS = NO;
				CLANG_ANALYZER_NONNULL = YES;
				CLANG_ANALYZER_NUMBER_OBJECT_CONVERSION = YES_AGGRESSIVE;
				CLANG_CXX_LANGUAGE_STANDARD = "gnu++14";
				CLANG_CXX_LIBRARY = "libc++";
				CLANG_ENABLE_MODULES = YES;
				CLANG_ENABLE_OBJC_ARC = YES;
				CLANG_ENABLE_OBJC_WEAK = YES;
				CLANG_WARN_BLOCK_CAPTURE_AUTORELEASING = YES;
				CLANG_WARN_BOOL_CONVERSION = YES;
				CLANG_WARN_COMMA = YES;
				CLANG_WARN_CONSTANT_CONVERSION = YES;
				CLANG_WARN_DEPRECATED_OBJC_IMPLEMENTATIONS = YES;
				CLANG_WARN_DIRECT_OBJC_ISA_USAGE = YES_ERROR;
				CLANG_WARN_DOCUMENTATION_COMMENTS = YES;
				CLANG_WARN_EMPTY_BODY = YES;
				CLANG_WARN_ENUM_CONVERSION = YES;
				CLANG_WARN_INFINITE_RECURSION = YES;
				CLANG_WARN_INT_CONVERSION = YES;
				CLANG_WARN_NON_LITERAL_NULL_CONVERSION = YES;
				CLANG_WARN_OBJC_IMPLICIT_RETAIN_SELF = YES;
				CLANG_WARN_OBJC_LITERAL_CONVERSION = YES;
				CLANG_WARN_OBJC_ROOT_CLASS = YES_ERROR;
				CLANG_WARN_RANGE_LOOP_ANALYSIS = YES;
				CLANG_WARN_STRICT_PROTOTYPES = YES;
				CLANG_WARN_SUSPICIOUS_MOVE = YES;
				CLANG_WARN_UNGUARDED_AVAILABILITY = YES_AGGRESSIVE;
				CLANG_WARN_UNREACHABLE_CODE = YES;
				CLANG_WARN__DUPLICATE_METHOD_MATCH = YES;
				CODE_SIGN_IDENTITY = "iPhone Developer";
				COPY_PHASE_STRIP = NO;
				DEBUG_INFORMATION_FORMAT = "dwarf-with-dsym";
				ENABLE_NS_ASSERTIONS = NO;
				ENABLE_STRICT_OBJC_MSGSEND = YES;
				GCC_C_LANGUAGE_STANDARD = gnu11;
				GCC_NO_COMMON_BLOCKS = YES;
				GCC_WARN_64_TO_32_BIT_CONVERSION = YES;
				GCC_WARN_ABOUT_RETURN_TYPE = YES_ERROR;
				GCC_WARN_UNDECLARED_SELECTOR = YES;
				GCC_WARN_UNINITIALIZED_AUTOS = YES_AGGRESSIVE;
				GCC_WARN_UNUSED_FUNCTION = YES;
				GCC_WARN_UNUSED_VARIABLE = YES;
				IPHONEOS_DEPLOYMENT_TARGET = 12.1;
				MTL_ENABLE_DEBUG_INFO = NO;
				MTL_FAST_MATH = YES;
				SDKROOT = iphoneos;
				SWIFT_COMPILATION_MODE = wholemodule;
				SWIFT_OPTIMIZATION_LEVEL = "-O";
				VALIDATE_PRODUCT = YES;
			};
			name = Release;
		};
		713C539221B96AFE00EA6304 /* Debug */ = {
			isa = XCBuildConfiguration;
			buildSettings = {
				ASSETCATALOG_COMPILER_APPICON_NAME = AppIcon;
				CODE_SIGN_STYLE = Automatic;
				DEVELOPMENT_TEAM = 7JP7GR6434;
				INFOPLIST_FILE = HiddenSanta/Info.plist;
				IPHONEOS_DEPLOYMENT_TARGET = 11.4;
				LD_RUNPATH_SEARCH_PATHS = (
					"$(inherited)",
					"@executable_path/Frameworks",
				);
				PRODUCT_BUNDLE_IDENTIFIER = "Drakon-n.HiddenSanta";
				PRODUCT_NAME = "$(TARGET_NAME)";
				SWIFT_VERSION = 4.2;
				TARGETED_DEVICE_FAMILY = "1,2";
			};
			name = Debug;
		};
		713C539321B96AFE00EA6304 /* Release */ = {
			isa = XCBuildConfiguration;
			buildSettings = {
				ASSETCATALOG_COMPILER_APPICON_NAME = AppIcon;
				CODE_SIGN_STYLE = Automatic;
				DEVELOPMENT_TEAM = 7JP7GR6434;
				INFOPLIST_FILE = HiddenSanta/Info.plist;
				IPHONEOS_DEPLOYMENT_TARGET = 11.4;
				LD_RUNPATH_SEARCH_PATHS = (
					"$(inherited)",
					"@executable_path/Frameworks",
				);
				PRODUCT_BUNDLE_IDENTIFIER = "Drakon-n.HiddenSanta";
				PRODUCT_NAME = "$(TARGET_NAME)";
				SWIFT_VERSION = 4.2;
				TARGETED_DEVICE_FAMILY = "1,2";
			};
			name = Release;
		};
		713C539521B96AFE00EA6304 /* Debug */ = {
			isa = XCBuildConfiguration;
			buildSettings = {
				ALWAYS_EMBED_SWIFT_STANDARD_LIBRARIES = YES;
				BUNDLE_LOADER = "$(TEST_HOST)";
				CODE_SIGN_STYLE = Automatic;
				DEVELOPMENT_TEAM = 7JP7GR6434;
				INFOPLIST_FILE = HiddenSantaTests/Info.plist;
				LD_RUNPATH_SEARCH_PATHS = (
					"$(inherited)",
					"@executable_path/Frameworks",
					"@loader_path/Frameworks",
				);
				PRODUCT_BUNDLE_IDENTIFIER = "Drakon-n.HiddenSantaTests";
				PRODUCT_NAME = "$(TARGET_NAME)";
				SWIFT_VERSION = 4.2;
				TARGETED_DEVICE_FAMILY = "1,2";
				TEST_HOST = "$(BUILT_PRODUCTS_DIR)/HiddenSanta.app/HiddenSanta";
			};
			name = Debug;
		};
		713C539621B96AFE00EA6304 /* Release */ = {
			isa = XCBuildConfiguration;
			buildSettings = {
				ALWAYS_EMBED_SWIFT_STANDARD_LIBRARIES = YES;
				BUNDLE_LOADER = "$(TEST_HOST)";
				CODE_SIGN_STYLE = Automatic;
				DEVELOPMENT_TEAM = 7JP7GR6434;
				INFOPLIST_FILE = HiddenSantaTests/Info.plist;
				LD_RUNPATH_SEARCH_PATHS = (
					"$(inherited)",
					"@executable_path/Frameworks",
					"@loader_path/Frameworks",
				);
				PRODUCT_BUNDLE_IDENTIFIER = "Drakon-n.HiddenSantaTests";
				PRODUCT_NAME = "$(TARGET_NAME)";
				SWIFT_VERSION = 4.2;
				TARGETED_DEVICE_FAMILY = "1,2";
				TEST_HOST = "$(BUILT_PRODUCTS_DIR)/HiddenSanta.app/HiddenSanta";
			};
			name = Release;
		};
		713C539821B96AFE00EA6304 /* Debug */ = {
			isa = XCBuildConfiguration;
			buildSettings = {
				ALWAYS_EMBED_SWIFT_STANDARD_LIBRARIES = YES;
				CODE_SIGN_STYLE = Automatic;
				DEVELOPMENT_TEAM = 7JP7GR6434;
				INFOPLIST_FILE = HiddenSantaUITests/Info.plist;
				LD_RUNPATH_SEARCH_PATHS = (
					"$(inherited)",
					"@executable_path/Frameworks",
					"@loader_path/Frameworks",
				);
				PRODUCT_BUNDLE_IDENTIFIER = "Drakon-n.HiddenSantaUITests";
				PRODUCT_NAME = "$(TARGET_NAME)";
				SWIFT_VERSION = 4.2;
				TARGETED_DEVICE_FAMILY = "1,2";
				TEST_TARGET_NAME = HiddenSanta;
			};
			name = Debug;
		};
		713C539921B96AFE00EA6304 /* Release */ = {
			isa = XCBuildConfiguration;
			buildSettings = {
				ALWAYS_EMBED_SWIFT_STANDARD_LIBRARIES = YES;
				CODE_SIGN_STYLE = Automatic;
				DEVELOPMENT_TEAM = 7JP7GR6434;
				INFOPLIST_FILE = HiddenSantaUITests/Info.plist;
				LD_RUNPATH_SEARCH_PATHS = (
					"$(inherited)",
					"@executable_path/Frameworks",
					"@loader_path/Frameworks",
				);
				PRODUCT_BUNDLE_IDENTIFIER = "Drakon-n.HiddenSantaUITests";
				PRODUCT_NAME = "$(TARGET_NAME)";
				SWIFT_VERSION = 4.2;
				TARGETED_DEVICE_FAMILY = "1,2";
				TEST_TARGET_NAME = HiddenSanta;
			};
			name = Release;
		};
/* End XCBuildConfiguration section */

/* Begin XCConfigurationList section */
		713C536421B96AFA00EA6304 /* Build configuration list for PBXProject "HiddenSanta" */ = {
			isa = XCConfigurationList;
			buildConfigurations = (
				713C538F21B96AFE00EA6304 /* Debug */,
				713C539021B96AFE00EA6304 /* Release */,
			);
			defaultConfigurationIsVisible = 0;
			defaultConfigurationName = Release;
		};
		713C539121B96AFE00EA6304 /* Build configuration list for PBXNativeTarget "HiddenSanta" */ = {
			isa = XCConfigurationList;
			buildConfigurations = (
				713C539221B96AFE00EA6304 /* Debug */,
				713C539321B96AFE00EA6304 /* Release */,
			);
			defaultConfigurationIsVisible = 0;
			defaultConfigurationName = Release;
		};
		713C539421B96AFE00EA6304 /* Build configuration list for PBXNativeTarget "HiddenSantaTests" */ = {
			isa = XCConfigurationList;
			buildConfigurations = (
				713C539521B96AFE00EA6304 /* Debug */,
				713C539621B96AFE00EA6304 /* Release */,
			);
			defaultConfigurationIsVisible = 0;
			defaultConfigurationName = Release;
		};
		713C539721B96AFE00EA6304 /* Build configuration list for PBXNativeTarget "HiddenSantaUITests" */ = {
			isa = XCConfigurationList;
			buildConfigurations = (
				713C539821B96AFE00EA6304 /* Debug */,
				713C539921B96AFE00EA6304 /* Release */,
			);
			defaultConfigurationIsVisible = 0;
			defaultConfigurationName = Release;
		};
/* End XCConfigurationList section */
	};
	rootObject = 713C536121B96AFA00EA6304 /* Project object */;
}
